
Microsoft Visual Studio Solution File, Format Version 12.00
# Visual Studio 15
Project("{FAE04EC0-301F-11D3-BF4B-00C04F79EFBC}") = "Unity.2D.Tilemap.Extras", "Unity.2D.Tilemap.Extras.csproj", "{81445FDB-A888-9BE9-843B-80058FFB14D1}"
EndProject
Project("{FAE04EC0-301F-11D3-BF4B-00C04F79EFBC}") = "Assembly-CSharp", "Assembly-CSharp.csproj", "{2480D7DA-50BF-9D7C-6071-FEE6696718E1}"
EndProject
Project("{FAE04EC0-301F-11D3-BF4B-00C04F79EFBC}") = "Unity.2D.Tilemap.Extras.Editor", "Unity.2D.Tilemap.Extras.Editor.csproj", "{9F925498-2CA5-CC63-5F96-F38218322AE7}"
EndProject
Project("{FAE04EC0-301F-11D3-BF4B-00C04F79EFBC}") = "Unity.2D.Tilemap.Extras.Placeholder.EditorTests", "Unity.2D.Tilemap.Extras.Placeholder.EditorTests.csproj", "{90FAA347-0F62-F994-901F-B68936DBB39D}"
EndProject
Global
	GlobalSection(SolutionConfigurationPlatforms) = preSolution
		Debug|Any CPU = Debug|Any CPU
		Release|Any CPU = Release|Any CPU
	EndGlobalSection
	GlobalSection(ProjectConfigurationPlatforms) = postSolution
		{81445FDB-A888-9BE9-843B-80058FFB14D1}.Debug|Any CPU.ActiveCfg = Debug|Any CPU
		{81445FDB-A888-9BE9-843B-80058FFB14D1}.Debug|Any CPU.Build.0 = Debug|Any CPU
		{81445FDB-A888-9BE9-843B-80058FFB14D1}.Release|Any CPU.ActiveCfg = Release|Any CPU
		{81445FDB-A888-9BE9-843B-80058FFB14D1}.Release|Any CPU.Build.0 = Release|Any CPU
		{2480D7DA-50BF-9D7C-6071-FEE6696718E1}.Debug|Any CPU.ActiveCfg = Debug|Any CPU
		{2480D7DA-50BF-9D7C-6071-FEE6696718E1}.Debug|Any CPU.Build.0 = Debug|Any CPU
		{2480D7DA-50BF-9D7C-6071-FEE6696718E1}.Release|Any CPU.ActiveCfg = Release|Any CPU
		{2480D7DA-50BF-9D7C-6071-FEE6696718E1}.Release|Any CPU.Build.0 = Release|Any CPU
		{9F925498-2CA5-CC63-5F96-F38218322AE7}.Debug|Any CPU.ActiveCfg = Debug|Any CPU
		{9F925498-2CA5-CC63-5F96-F38218322AE7}.Debug|Any CPU.Build.0 = Debug|Any CPU
		{9F925498-2CA5-CC63-5F96-F38218322AE7}.Release|Any CPU.ActiveCfg = Release|Any CPU
		{9F925498-2CA5-CC63-5F96-F38218322AE7}.Release|Any CPU.Build.0 = Release|Any CPU
		{90FAA347-0F62-F994-901F-B68936DBB39D}.Debug|Any CPU.ActiveCfg = Debug|Any CPU
		{90FAA347-0F62-F994-901F-B68936DBB39D}.Debug|Any CPU.Build.0 = Debug|Any CPU
		{90FAA347-0F62-F994-901F-B68936DBB39D}.Release|Any CPU.ActiveCfg = Release|Any CPU
		{90FAA347-0F62-F994-901F-B68936DBB39D}.Release|Any CPU.Build.0 = Release|Any CPU
	EndGlobalSection
	GlobalSection(SolutionProperties) = preSolution
		HideSolutionNode = FALSE
	EndGlobalSection
EndGlobal
